
Microsoft Visual Studio Solution File, Format Version 12.00
# Visual Studio Version 17
VisualStudioVersion = 17.8.34525.116
MinimumVisualStudioVersion = 10.0.40219.1
Project("{FAE04EC0-301F-11D3-BF4B-00C04F79EFBC}") = "InsertarEF", "InsertarEF\InsertarEF.csproj", "{7F018543-5DFB-4F4C-AAF7-5A8CF917B9B1}"
EndProject
Project("{FAE04EC0-301F-11D3-BF4B-00C04F79EFBC}") = "AccesoDatos", "AccesoDatos\AccesoDatos.csproj", "{79C2F398-03EA-4848-821E-A0FBE5DA7A23}"
EndProject
Global
	GlobalSection(SolutionConfigurationPlatforms) = preSolution
		Debug|Any CPU = Debug|Any CPU
		Release|Any CPU = Release|Any CPU
	EndGlobalSection
	GlobalSection(ProjectConfigurationPlatforms) = postSolution
		{7F018543-5DFB-4F4C-AAF7-5A8CF917B9B1}.Debug|Any CPU.ActiveCfg = Debug|Any CPU
		{7F018543-5DFB-4F4C-AAF7-5A8CF917B9B1}.Debug|Any CPU.Build.0 = Debug|Any CPU
		{7F018543-5DFB-4F4C-AAF7-5A8CF917B9B1}.Release|Any CPU.ActiveCfg = Release|Any CPU
		{7F018543-5DFB-4F4C-AAF7-5A8CF917B9B1}.Release|Any CPU.Build.0 = Release|Any CPU
		{79C2F398-03EA-4848-821E-A0FBE5DA7A23}.Debug|Any CPU.ActiveCfg = Debug|Any CPU
		{79C2F398-03EA-4848-821E-A0FBE5DA7A23}.Debug|Any CPU.Build.0 = Debug|Any CPU
		{79C2F398-03EA-4848-821E-A0FBE5DA7A23}.Release|Any CPU.ActiveCfg = Release|Any CPU
		{79C2F398-03EA-4848-821E-A0FBE5DA7A23}.Release|Any CPU.Build.0 = Release|Any CPU
	EndGlobalSection
	GlobalSection(SolutionProperties) = preSolution
		HideSolutionNode = FALSE
	EndGlobalSection
	GlobalSection(ExtensibilityGlobals) = postSolution
		SolutionGuid = {ABF26EF9-E0EF-43DE-BF13-41309A62DBB9}
	EndGlobalSection
EndGlobal
